{
  "nodes": {
    "nixos-hardware": {
      "locked": {
        "lastModified": 1696488240,
        "narHash": "sha256-m9H4XDHaO7fGXLWTgNFrKFbBbMvrJpB7Sj6BcTM/2UE=",
        "owner": "NixOS",
        "repo": "nixos-hardware",
        "rev": "6d05cccc80feaf93d5f3d6837f8c2db582b29cf8",
        "type": "github"
      },
      "original": {
        "owner": "NixOS",
        "ref": "master",
        "repo": "nixos-hardware",
        "type": "github"
      }
    },
    "nixpkgs": {
      "locked": {
        "lastModified": 1696193975,
        "narHash": "sha256-mnQjUcYgp9Guu3RNVAB2Srr1TqKcPpRXmJf4LJk6KRY=",
        "owner": "nixos",
        "repo": "nixpkgs",
        "rev": "fdd898f8f79e8d2f99ed2ab6b3751811ef683242",
        "type": "github"
      },
      "original": {
        "owner": "nixos",
        "ref": "nixos-unstable",
        "repo": "nixpkgs",
        "type": "github"
      }
    },
    "root": {
      "inputs": {
        "nixos-hardware": "nixos-hardware",
        "nixpkgs": "nixpkgs"
      }
    }
  },
  "root": "root",
  "version": 7
}
